// !$*UTF8*$!
{
	archiveVersion = 1;
	classes = {
	};
	objectVersion = 77;
	objects = {

/* Begin PBXBuildFile section */
		0014C034C53597A00EE84A0D /* ScoreBoardView.swift in Sources */ = {isa = PBXBuildFile; fileRef = BB4F8B407959FED7185C6C96 /* ScoreBoardView.swift */; };
		1C424C5F1B6559FFCD4CF694 /* NewGameView.swift in Sources */ = {isa = PBXBuildFile; fileRef = FEEAA3936B3EB38D23004353 /* NewGameView.swift */; };
		1ECB7A2C483F68B8140CE90D /* PetancaFieldView.swift in Sources */ = {isa = PBXBuildFile; fileRef = 73E5600BA7F2ED2EEB3FAF0B /* PetancaFieldView.swift */; };
		299E28B82B2E2F1C971EBCFD /* Ball.swift in Sources */ = {isa = PBXBuildFile; fileRef = 8A43396338A1B4983E7FC360 /* Ball.swift */; };
		29DCC7B841D301D31C2D54CB /* SoundManager.swift in Sources */ = {isa = PBXBuildFile; fileRef = 3595C6091E45591E08A8CC6B /* SoundManager.swift */; };
		2A73991D62BDA54A7D832789 /* MainMenuButton.swift in Sources */ = {isa = PBXBuildFile; fileRef = 6D41E9C43D867DCF052F8A17 /* MainMenuButton.swift */; };
		3CFF6834CB18AA40F0381056 /* PetancaGameApp.swift in Sources */ = {isa = PBXBuildFile; fileRef = 96E2DD4FE98F5424709DA0E3 /* PetancaGameApp.swift */; };
		3DD3669463D6236D8599FF81 /* CelebrationParticles.swift in Sources */ = {isa = PBXBuildFile; fileRef = FBA1764A202AE7996C9815F3 /* CelebrationParticles.swift */; };
		4349ADF83F89DFA91CCBB5CF /* Team.swift in Sources */ = {isa = PBXBuildFile; fileRef = 4A316F8834B23DEB0A3DBA71 /* Team.swift */; };
		4D722FD49F291DFC5C98B40F /* GameView.swift in Sources */ = {isa = PBXBuildFile; fileRef = 0FD3E37E55B6E9CAEEE5962D /* GameView.swift */; };
		4DE8DDE4F0BA4AA28853BA37 /* L10n.swift in Sources */ = {isa = PBXBuildFile; fileRef = 9747E83EE9207F4E7D5F07AB /* L10n.swift */; };
		4E1FE1694931F0A9B7FC4295 /* ThemeManager.swift in Sources */ = {isa = PBXBuildFile; fileRef = DEDB6ECA75104E67088DD651 /* ThemeManager.swift */; };
		559732C2494A973EBAFB1B13 /* PetancaGameTests.swift in Sources */ = {isa = PBXBuildFile; fileRef = 848DA69DD95304C7D2449863 /* PetancaGameTests.swift */; };
		56BE8245FC72C673EF8F7641 /* SplashView.swift in Sources */ = {isa = PBXBuildFile; fileRef = FE4457FCFB55593617AA048A /* SplashView.swift */; };
		5AD55E6C897C9446535EF821 /* GameMode.swift in Sources */ = {isa = PBXBuildFile; fileRef = 0E4F3FDBD61CFE5188FDF80D /* GameMode.swift */; };
		6A964B6D2998CD847CE49502 /* Assets.xcassets in Resources */ = {isa = PBXBuildFile; fileRef = CD6D5EDD47172EB7481A989C /* Assets.xcassets */; };
		75C8068479E26FF64D5F694E /* GameViewModel.swift in Sources */ = {isa = PBXBuildFile; fileRef = C11FF093D3AEEA010400F042 /* GameViewModel.swift */; };
		7D228199811B481E159AA01F /* TopNavigationBar.swift in Sources */ = {isa = PBXBuildFile; fileRef = 246E2F0AA549EC1F1D53EBBD /* TopNavigationBar.swift */; };
		8AA89CA4427DE4F6F99942CC /* RootView.swift in Sources */ = {isa = PBXBuildFile; fileRef = 4C4D7D95EFF6CAF0EDFC9CAC /* RootView.swift */; };
		9A1D4BB13FD0ED6289B62953 /* LanguageManager.swift in Sources */ = {isa = PBXBuildFile; fileRef = 8EE7EAE9217EB2665D2BAC74 /* LanguageManager.swift */; };
		9C6129EBCB5ECA91176D78E3 /* MainMenuView.swift in Sources */ = {isa = PBXBuildFile; fileRef = 27FED9D922A0687FEB57B0CC /* MainMenuView.swift */; };
		A06A58F033F178E320D9F8D1 /* Cochonnet.swift in Sources */ = {isa = PBXBuildFile; fileRef = 88E03695C811D7C70011F90D /* Cochonnet.swift */; };
		C519001765004D24D4E392AB /* SettingsView.swift in Sources */ = {isa = PBXBuildFile; fileRef = 511C5AD3866C1A5FE123E692 /* SettingsView.swift */; };
		D07E8BCC09E9EB6872D0DCB6 /* PetancaTextures.swift in Sources */ = {isa = PBXBuildFile; fileRef = 0C49CCA0D6BA18504F6FE2EC /* PetancaTextures.swift */; };
		D168734839ECCB8F0976E19B /* GameControlsView.swift in Sources */ = {isa = PBXBuildFile; fileRef = C0C8BFDB09DF416AC71D9B2E /* GameControlsView.swift */; };
		D403F48DECA2947579E23FAC /* AIOpponent.swift in Sources */ = {isa = PBXBuildFile; fileRef = 61A9F128121E4C2B127D9690 /* AIOpponent.swift */; };
		DEC2C4F41E551F213905C155 /* PetancaScene.swift in Sources */ = {isa = PBXBuildFile; fileRef = 0C9EFAEF50ECBAA3A9D2335E /* PetancaScene.swift */; };
		E05E1395E81C85E130C03487 /* AboutView.swift in Sources */ = {isa = PBXBuildFile; fileRef = DD127086A30F2E2CDC4778B5 /* AboutView.swift */; };
		ECA3E132A93825FE7C880B61 /* TurnIndicatorView.swift in Sources */ = {isa = PBXBuildFile; fileRef = 9736E9856EB69317BB7A9DB7 /* TurnIndicatorView.swift */; };
/* End PBXBuildFile section */

/* Begin PBXContainerItemProxy section */
		61F34FADCB1C363E69FF59CE /* PBXContainerItemProxy */ = {
			isa = PBXContainerItemProxy;
			containerPortal = 378D3AA3C73347C83725F4C5 /* Project object */;
			proxyType = 1;
			remoteGlobalIDString = 222B6178FA4A6142A2A73036;
			remoteInfo = PetancaGame;
		};
/* End PBXContainerItemProxy section */

/* Begin PBXFileReference section */
		0C49CCA0D6BA18504F6FE2EC /* PetancaTextures.swift */ = {isa = PBXFileReference; lastKnownFileType = sourcecode.swift; path = PetancaTextures.swift; sourceTree = "<group>"; };
		0C9EFAEF50ECBAA3A9D2335E /* PetancaScene.swift */ = {isa = PBXFileReference; lastKnownFileType = sourcecode.swift; path = PetancaScene.swift; sourceTree = "<group>"; };
		0E4F3FDBD61CFE5188FDF80D /* GameMode.swift */ = {isa = PBXFileReference; lastKnownFileType = sourcecode.swift; path = GameMode.swift; sourceTree = "<group>"; };
		0FD3E37E55B6E9CAEEE5962D /* GameView.swift */ = {isa = PBXFileReference; lastKnownFileType = sourcecode.swift; path = GameView.swift; sourceTree = "<group>"; };
		246E2F0AA549EC1F1D53EBBD /* TopNavigationBar.swift */ = {isa = PBXFileReference; lastKnownFileType = sourcecode.swift; path = TopNavigationBar.swift; sourceTree = "<group>"; };
		27FED9D922A0687FEB57B0CC /* MainMenuView.swift */ = {isa = PBXFileReference; lastKnownFileType = sourcecode.swift; path = MainMenuView.swift; sourceTree = "<group>"; };
		3595C6091E45591E08A8CC6B /* SoundManager.swift */ = {isa = PBXFileReference; lastKnownFileType = sourcecode.swift; path = SoundManager.swift; sourceTree = "<group>"; };
		4A316F8834B23DEB0A3DBA71 /* Team.swift */ = {isa = PBXFileReference; lastKnownFileType = sourcecode.swift; path = Team.swift; sourceTree = "<group>"; };
		4C4D7D95EFF6CAF0EDFC9CAC /* RootView.swift */ = {isa = PBXFileReference; lastKnownFileType = sourcecode.swift; path = RootView.swift; sourceTree = "<group>"; };
		511C5AD3866C1A5FE123E692 /* SettingsView.swift */ = {isa = PBXFileReference; lastKnownFileType = sourcecode.swift; path = SettingsView.swift; sourceTree = "<group>"; };
		59D84FB0DE255CC3404F5E95 /* PetancaGame.app */ = {isa = PBXFileReference; includeInIndex = 0; lastKnownFileType = wrapper.application; path = PetancaGame.app; sourceTree = BUILT_PRODUCTS_DIR; };
		61A9F128121E4C2B127D9690 /* AIOpponent.swift */ = {isa = PBXFileReference; lastKnownFileType = sourcecode.swift; path = AIOpponent.swift; sourceTree = "<group>"; };
		6D41E9C43D867DCF052F8A17 /* MainMenuButton.swift */ = {isa = PBXFileReference; lastKnownFileType = sourcecode.swift; path = MainMenuButton.swift; sourceTree = "<group>"; };
		73E5600BA7F2ED2EEB3FAF0B /* PetancaFieldView.swift */ = {isa = PBXFileReference; lastKnownFileType = sourcecode.swift; path = PetancaFieldView.swift; sourceTree = "<group>"; };
		848DA69DD95304C7D2449863 /* PetancaGameTests.swift */ = {isa = PBXFileReference; lastKnownFileType = sourcecode.swift; path = PetancaGameTests.swift; sourceTree = "<group>"; };
		88E03695C811D7C70011F90D /* Cochonnet.swift */ = {isa = PBXFileReference; lastKnownFileType = sourcecode.swift; path = Cochonnet.swift; sourceTree = "<group>"; };
		8A43396338A1B4983E7FC360 /* Ball.swift */ = {isa = PBXFileReference; lastKnownFileType = sourcecode.swift; path = Ball.swift; sourceTree = "<group>"; };
		8EE7EAE9217EB2665D2BAC74 /* LanguageManager.swift */ = {isa = PBXFileReference; lastKnownFileType = sourcecode.swift; path = LanguageManager.swift; sourceTree = "<group>"; };
		96E2DD4FE98F5424709DA0E3 /* PetancaGameApp.swift */ = {isa = PBXFileReference; lastKnownFileType = sourcecode.swift; path = PetancaGameApp.swift; sourceTree = "<group>"; };
		9736E9856EB69317BB7A9DB7 /* TurnIndicatorView.swift */ = {isa = PBXFileReference; lastKnownFileType = sourcecode.swift; path = TurnIndicatorView.swift; sourceTree = "<group>"; };
		9747E83EE9207F4E7D5F07AB /* L10n.swift */ = {isa = PBXFileReference; lastKnownFileType = sourcecode.swift; path = L10n.swift; sourceTree = "<group>"; };
		AAF429DF4523E6BC25B0F45F /* PetancaGameTests.xctest */ = {isa = PBXFileReference; includeInIndex = 0; lastKnownFileType = wrapper.cfbundle; path = PetancaGameTests.xctest; sourceTree = BUILT_PRODUCTS_DIR; };
		BB4F8B407959FED7185C6C96 /* ScoreBoardView.swift */ = {isa = PBXFileReference; lastKnownFileType = sourcecode.swift; path = ScoreBoardView.swift; sourceTree = "<group>"; };
		C0C8BFDB09DF416AC71D9B2E /* GameControlsView.swift */ = {isa = PBXFileReference; lastKnownFileType = sourcecode.swift; path = GameControlsView.swift; sourceTree = "<group>"; };
		C11FF093D3AEEA010400F042 /* GameViewModel.swift */ = {isa = PBXFileReference; lastKnownFileType = sourcecode.swift; path = GameViewModel.swift; sourceTree = "<group>"; };
		CD6D5EDD47172EB7481A989C /* Assets.xcassets */ = {isa = PBXFileReference; lastKnownFileType = folder.assetcatalog; path = Assets.xcassets; sourceTree = "<group>"; };
		DD127086A30F2E2CDC4778B5 /* AboutView.swift */ = {isa = PBXFileReference; lastKnownFileType = sourcecode.swift; path = AboutView.swift; sourceTree = "<group>"; };
		DEDB6ECA75104E67088DD651 /* ThemeManager.swift */ = {isa = PBXFileReference; lastKnownFileType = sourcecode.swift; path = ThemeManager.swift; sourceTree = "<group>"; };
		FBA1764A202AE7996C9815F3 /* CelebrationParticles.swift */ = {isa = PBXFileReference; lastKnownFileType = sourcecode.swift; path = CelebrationParticles.swift; sourceTree = "<group>"; };
		FE4457FCFB55593617AA048A /* SplashView.swift */ = {isa = PBXFileReference; lastKnownFileType = sourcecode.swift; path = SplashView.swift; sourceTree = "<group>"; };
		FEEAA3936B3EB38D23004353 /* NewGameView.swift */ = {isa = PBXFileReference; lastKnownFileType = sourcecode.swift; path = NewGameView.swift; sourceTree = "<group>"; };
/* End PBXFileReference section */

/* Begin PBXGroup section */
		1975BC6D60BBE5EA1AEECAE1 /* Products */ = {
			isa = PBXGroup;
			children = (
				59D84FB0DE255CC3404F5E95 /* PetancaGame.app */,
				AAF429DF4523E6BC25B0F45F /* PetancaGameTests.xctest */,
			);
			name = Products;
			sourceTree = "<group>";
		};
		3C4992786E04867E5F0A63DD /* Views */ = {
			isa = PBXGroup;
			children = (
				DD127086A30F2E2CDC4778B5 /* AboutView.swift */,
				0FD3E37E55B6E9CAEEE5962D /* GameView.swift */,
				27FED9D922A0687FEB57B0CC /* MainMenuView.swift */,
				FEEAA3936B3EB38D23004353 /* NewGameView.swift */,
				4C4D7D95EFF6CAF0EDFC9CAC /* RootView.swift */,
				511C5AD3866C1A5FE123E692 /* SettingsView.swift */,
				FE4457FCFB55593617AA048A /* SplashView.swift */,
				47AD499885712520291C31A7 /* Components */,
				9E184EE0777B4E0BABE1134B /* Sprites */,
			);
			path = Views;
			sourceTree = "<group>";
		};
		47AD499885712520291C31A7 /* Components */ = {
			isa = PBXGroup;
			children = (
				FBA1764A202AE7996C9815F3 /* CelebrationParticles.swift */,
				C0C8BFDB09DF416AC71D9B2E /* GameControlsView.swift */,
				6D41E9C43D867DCF052F8A17 /* MainMenuButton.swift */,
				BB4F8B407959FED7185C6C96 /* ScoreBoardView.swift */,
				246E2F0AA549EC1F1D53EBBD /* TopNavigationBar.swift */,
				9736E9856EB69317BB7A9DB7 /* TurnIndicatorView.swift */,
			);
			path = Components;
			sourceTree = "<group>";
		};
		52398DD580D32DB87FABD8B2 /* Models */ = {
			isa = PBXGroup;
			children = (
				8A43396338A1B4983E7FC360 /* Ball.swift */,
				88E03695C811D7C70011F90D /* Cochonnet.swift */,
				0E4F3FDBD61CFE5188FDF80D /* GameMode.swift */,
				4A316F8834B23DEB0A3DBA71 /* Team.swift */,
			);
			path = Models;
			sourceTree = "<group>";
		};
		76D623F1EE81A9DCEA2D86D6 /* Scenes */ = {
			isa = PBXGroup;
			children = (
				0C9EFAEF50ECBAA3A9D2335E /* PetancaScene.swift */,
				0C49CCA0D6BA18504F6FE2EC /* PetancaTextures.swift */,
			);
			path = Scenes;
			sourceTree = "<group>";
		};
		7E3759EAE844344F4E8459F5 /* Physics */ = {
			isa = PBXGroup;
			children = (
				61A9F128121E4C2B127D9690 /* AIOpponent.swift */,
			);
			path = Physics;
			sourceTree = "<group>";
		};
		7FE73971602D7A10EF2AE85A /* Localization */ = {
			isa = PBXGroup;
			children = (
				9747E83EE9207F4E7D5F07AB /* L10n.swift */,
			);
			path = Localization;
			sourceTree = "<group>";
		};
		81D13B3CD0213AC19F12CB94 /* ViewModels */ = {
			isa = PBXGroup;
			children = (
				C11FF093D3AEEA010400F042 /* GameViewModel.swift */,
			);
			path = ViewModels;
			sourceTree = "<group>";
		};
		9A4CAC780A0796A73A05B151 /* Managers */ = {
			isa = PBXGroup;
			children = (
				8EE7EAE9217EB2665D2BAC74 /* LanguageManager.swift */,
				3595C6091E45591E08A8CC6B /* SoundManager.swift */,
				DEDB6ECA75104E67088DD651 /* ThemeManager.swift */,
			);
			path = Managers;
			sourceTree = "<group>";
		};
		9E184EE0777B4E0BABE1134B /* Sprites */ = {
			isa = PBXGroup;
			children = (
				73E5600BA7F2ED2EEB3FAF0B /* PetancaFieldView.swift */,
			);
			path = Sprites;
			sourceTree = "<group>";
		};
		A108FEECD88C859960FD9133 /* PetancaGameTests */ = {
			isa = PBXGroup;
			children = (
				848DA69DD95304C7D2449863 /* PetancaGameTests.swift */,
			);
			path = PetancaGameTests;
			sourceTree = "<group>";
		};
		DF14A77210159609CAAAD381 /* Resources */ = {
			isa = PBXGroup;
			children = (
				CD6D5EDD47172EB7481A989C /* Assets.xcassets */,
			);
			path = Resources;
			sourceTree = "<group>";
		};
		F772189C460AA3B4C48659C9 = {
			isa = PBXGroup;
			children = (
				96E2DD4FE98F5424709DA0E3 /* PetancaGameApp.swift */,
				7FE73971602D7A10EF2AE85A /* Localization */,
				9A4CAC780A0796A73A05B151 /* Managers */,
				52398DD580D32DB87FABD8B2 /* Models */,
				A108FEECD88C859960FD9133 /* PetancaGameTests */,
				7E3759EAE844344F4E8459F5 /* Physics */,
				DF14A77210159609CAAAD381 /* Resources */,
				76D623F1EE81A9DCEA2D86D6 /* Scenes */,
				81D13B3CD0213AC19F12CB94 /* ViewModels */,
				3C4992786E04867E5F0A63DD /* Views */,
				1975BC6D60BBE5EA1AEECAE1 /* Products */,
			);
			sourceTree = "<group>";
		};
/* End PBXGroup section */

/* Begin PBXNativeTarget section */
		15311108C01F08005217D029 /* PetancaGameTests */ = {
			isa = PBXNativeTarget;
			buildConfigurationList = 6436247D37F549C3DFD7DFE3 /* Build configuration list for PBXNativeTarget "PetancaGameTests" */;
			buildPhases = (
				71620DBC01B396B049BB9190 /* Sources */,
			);
			buildRules = (
			);
			dependencies = (
				5577F3F6B2824C2331CEC301 /* PBXTargetDependency */,
			);
			name = PetancaGameTests;
			packageProductDependencies = (
			);
			productName = PetancaGameTests;
			productReference = AAF429DF4523E6BC25B0F45F /* PetancaGameTests.xctest */;
			productType = "com.apple.product-type.bundle.unit-test";
		};
		222B6178FA4A6142A2A73036 /* PetancaGame */ = {
			isa = PBXNativeTarget;
			buildConfigurationList = 4FBBF859B80CFAC11F5700C0 /* Build configuration list for PBXNativeTarget "PetancaGame" */;
			buildPhases = (
				DFF94C014CB1845E46FA8240 /* Sources */,
				AC7597ACC3A3E654E2F56339 /* Resources */,
			);
			buildRules = (
			);
			dependencies = (
			);
			name = PetancaGame;
			packageProductDependencies = (
			);
			productName = PetancaGame;
			productReference = 59D84FB0DE255CC3404F5E95 /* PetancaGame.app */;
			productType = "com.apple.product-type.application";
		};
/* End PBXNativeTarget section */

/* Begin PBXProject section */
		378D3AA3C73347C83725F4C5 /* Project object */ = {
			isa = PBXProject;
			attributes = {
				BuildIndependentTargetsInParallel = YES;
				LastUpgradeCheck = 1430;
				TargetAttributes = {
					15311108C01F08005217D029 = {
						DevelopmentTeam = "";
						ProvisioningStyle = Automatic;
					};
					222B6178FA4A6142A2A73036 = {
						DevelopmentTeam = "";
						ProvisioningStyle = Automatic;
					};
				};
			};
			buildConfigurationList = 71B889575D9CA85418BDAF29 /* Build configuration list for PBXProject "PetancaGame" */;
			developmentRegion = en;
			hasScannedForEncodings = 0;
			knownRegions = (
				Base,
				en,
			);
			mainGroup = F772189C460AA3B4C48659C9;
			minimizedProjectReferenceProxies = 1;
			preferredProjectObjectVersion = 77;
			productRefGroup = 1975BC6D60BBE5EA1AEECAE1 /* Products */;
			projectDirPath = "";
			projectRoot = "";
			targets = (
				222B6178FA4A6142A2A73036 /* PetancaGame */,
				15311108C01F08005217D029 /* PetancaGameTests */,
			);
		};
/* End PBXProject section */

/* Begin PBXResourcesBuildPhase section */
		AC7597ACC3A3E654E2F56339 /* Resources */ = {
			isa = PBXResourcesBuildPhase;
			buildActionMask = 2147483647;
			files = (
				6A964B6D2998CD847CE49502 /* Assets.xcassets in Resources */,
			);
			runOnlyForDeploymentPostprocessing = 0;
		};
/* End PBXResourcesBuildPhase section */

/* Begin PBXSourcesBuildPhase section */
		71620DBC01B396B049BB9190 /* Sources */ = {
			isa = PBXSourcesBuildPhase;
			buildActionMask = 2147483647;
			files = (
				559732C2494A973EBAFB1B13 /* PetancaGameTests.swift in Sources */,
			);
			runOnlyForDeploymentPostprocessing = 0;
		};
		DFF94C014CB1845E46FA8240 /* Sources */ = {
			isa = PBXSourcesBuildPhase;
			buildActionMask = 2147483647;
			files = (
				D403F48DECA2947579E23FAC /* AIOpponent.swift in Sources */,
				E05E1395E81C85E130C03487 /* AboutView.swift in Sources */,
				299E28B82B2E2F1C971EBCFD /* Ball.swift in Sources */,
				3DD3669463D6236D8599FF81 /* CelebrationParticles.swift in Sources */,
				A06A58F033F178E320D9F8D1 /* Cochonnet.swift in Sources */,
				D168734839ECCB8F0976E19B /* GameControlsView.swift in Sources */,
				5AD55E6C897C9446535EF821 /* GameMode.swift in Sources */,
				4D722FD49F291DFC5C98B40F /* GameView.swift in Sources */,
				75C8068479E26FF64D5F694E /* GameViewModel.swift in Sources */,
				4DE8DDE4F0BA4AA28853BA37 /* L10n.swift in Sources */,
				9A1D4BB13FD0ED6289B62953 /* LanguageManager.swift in Sources */,
				2A73991D62BDA54A7D832789 /* MainMenuButton.swift in Sources */,
				9C6129EBCB5ECA91176D78E3 /* MainMenuView.swift in Sources */,
				1C424C5F1B6559FFCD4CF694 /* NewGameView.swift in Sources */,
				1ECB7A2C483F68B8140CE90D /* PetancaFieldView.swift in Sources */,
				3CFF6834CB18AA40F0381056 /* PetancaGameApp.swift in Sources */,
				DEC2C4F41E551F213905C155 /* PetancaScene.swift in Sources */,
				D07E8BCC09E9EB6872D0DCB6 /* PetancaTextures.swift in Sources */,
				8AA89CA4427DE4F6F99942CC /* RootView.swift in Sources */,
				0014C034C53597A00EE84A0D /* ScoreBoardView.swift in Sources */,
				C519001765004D24D4E392AB /* SettingsView.swift in Sources */,
				29DCC7B841D301D31C2D54CB /* SoundManager.swift in Sources */,
				56BE8245FC72C673EF8F7641 /* SplashView.swift in Sources */,
				4349ADF83F89DFA91CCBB5CF /* Team.swift in Sources */,
				4E1FE1694931F0A9B7FC4295 /* ThemeManager.swift in Sources */,
				7D228199811B481E159AA01F /* TopNavigationBar.swift in Sources */,
				ECA3E132A93825FE7C880B61 /* TurnIndicatorView.swift in Sources */,
			);
			runOnlyForDeploymentPostprocessing = 0;
		};
/* End PBXSourcesBuildPhase section */

/* Begin PBXTargetDependency section */
		5577F3F6B2824C2331CEC301 /* PBXTargetDependency */ = {
			isa = PBXTargetDependency;
			target = 222B6178FA4A6142A2A73036 /* PetancaGame */;
			targetProxy = 61F34FADCB1C363E69FF59CE /* PBXContainerItemProxy */;
		};
/* End PBXTargetDependency section */

/* Begin XCBuildConfiguration section */
		4B16C5A489E47E661BA91AD8 /* Release */ = {
			isa = XCBuildConfiguration;
			buildSettings = {
				BUNDLE_LOADER = "$(TEST_HOST)";
				LD_RUNPATH_SEARCH_PATHS = (
					"$(inherited)",
					"@executable_path/Frameworks",
					"@loader_path/Frameworks",
				);
				PRODUCT_BUNDLE_IDENTIFIER = dev.ividi.petanca.tests;
				SDKROOT = iphoneos;
				TARGETED_DEVICE_FAMILY = "1,2";
				TEST_HOST = "$(BUILT_PRODUCTS_DIR)/PetancaGame.app/PetancaGame";
			};
			name = Release;
		};
		739F94B51FE7BC71473F93E3 /* Release */ = {
			isa = XCBuildConfiguration;
			buildSettings = {
				ALWAYS_SEARCH_USER_PATHS = NO;
				CLANG_ANALYZER_NONNULL = YES;
				CLANG_ANALYZER_NUMBER_OBJECT_CONVERSION = YES_AGGRESSIVE;
				CLANG_CXX_LANGUAGE_STANDARD = "gnu++14";
				CLANG_CXX_LIBRARY = "libc++";
				CLANG_ENABLE_MODULES = YES;
				CLANG_ENABLE_OBJC_ARC = YES;
				CLANG_ENABLE_OBJC_WEAK = YES;
				CLANG_WARN_BLOCK_CAPTURE_AUTORELEASING = YES;
				CLANG_WARN_BOOL_CONVERSION = YES;
				CLANG_WARN_COMMA = YES;
				CLANG_WARN_CONSTANT_CONVERSION = YES;
				CLANG_WARN_DEPRECATED_OBJC_IMPLEMENTATIONS = YES;
				CLANG_WARN_DIRECT_OBJC_ISA_USAGE = YES_ERROR;
				CLANG_WARN_DOCUMENTATION_COMMENTS = YES;
				CLANG_WARN_EMPTY_BODY = YES;
				CLANG_WARN_ENUM_CONVERSION = YES;
				CLANG_WARN_INFINITE_RECURSION = YES;
				CLANG_WARN_INT_CONVERSION = YES;
				CLANG_WARN_NON_LITERAL_NULL_CONVERSION = YES;
				CLANG_WARN_OBJC_IMPLICIT_RETAIN_SELF = YES;
				CLANG_WARN_OBJC_LITERAL_CONVERSION = YES;
				CLANG_WARN_OBJC_ROOT_CLASS = YES_ERROR;
				CLANG_WARN_QUOTED_INCLUDE_IN_FRAMEWORK_HEADER = YES;
				CLANG_WARN_RANGE_LOOP_ANALYSIS = YES;
				CLANG_WARN_STRICT_PROTOTYPES = YES;
				CLANG_WARN_SUSPICIOUS_MOVE = YES;
				CLANG_WARN_UNGUARDED_AVAILABILITY = YES_AGGRESSIVE;
				CLANG_WARN_UNREACHABLE_CODE = YES;
				CLANG_WARN__DUPLICATE_METHOD_MATCH = YES;
				CODE_SIGN_STYLE = Automatic;
				COPY_PHASE_STRIP = NO;
				DEBUG_INFORMATION_FORMAT = "dwarf-with-dsym";
				DEVELOPMENT_TEAM = "";
				ENABLE_NS_ASSERTIONS = NO;
				ENABLE_STRICT_OBJC_MSGSEND = YES;
				GCC_C_LANGUAGE_STANDARD = gnu11;
				GCC_NO_COMMON_BLOCKS = YES;
				GCC_WARN_64_TO_32_BIT_CONVERSION = YES;
				GCC_WARN_ABOUT_RETURN_TYPE = YES_ERROR;
				GCC_WARN_UNDECLARED_SELECTOR = YES;
				GCC_WARN_UNINITIALIZED_AUTOS = YES_AGGRESSIVE;
				GCC_WARN_UNUSED_FUNCTION = YES;
				GCC_WARN_UNUSED_VARIABLE = YES;
				IPHONEOS_DEPLOYMENT_TARGET = 16.0;
				MTL_ENABLE_DEBUG_INFO = NO;
				MTL_FAST_MATH = YES;
				PRODUCT_NAME = "$(TARGET_NAME)";
				SDKROOT = iphoneos;
				SWIFT_COMPILATION_MODE = wholemodule;
				SWIFT_OPTIMIZATION_LEVEL = "-O";
				SWIFT_VERSION = 5.9;
			};
			name = Release;
		};
		8DDABD1E9ABB9C321D845447 /* Debug */ = {
			isa = XCBuildConfiguration;
			buildSettings = {
				BUNDLE_LOADER = "$(TEST_HOST)";
				LD_RUNPATH_SEARCH_PATHS = (
					"$(inherited)",
					"@executable_path/Frameworks",
					"@loader_path/Frameworks",
				);
				PRODUCT_BUNDLE_IDENTIFIER = dev.ividi.petanca.tests;
				SDKROOT = iphoneos;
				TARGETED_DEVICE_FAMILY = "1,2";
				TEST_HOST = "$(BUILT_PRODUCTS_DIR)/PetancaGame.app/PetancaGame";
			};
			name = Debug;
		};
		9EC295096135002B9ED9CB1E /* Debug */ = {
			isa = XCBuildConfiguration;
			buildSettings = {
				ASSETCATALOG_COMPILER_APPICON_NAME = AppIcon;
				CODE_SIGN_IDENTITY = "iPhone Developer";
				INFOPLIST_FILE = Info.plist;
				LD_RUNPATH_SEARCH_PATHS = (
					"$(inherited)",
					"@executable_path/Frameworks",
				);
				PRODUCT_BUNDLE_IDENTIFIER = dev.ividi.petanca;
				SDKROOT = iphoneos;
				TARGETED_DEVICE_FAMILY = "1,2";
			};
			name = Debug;
		};
		CE8C38C420BA9BC86260D8E8 /* Debug */ = {
			isa = XCBuildConfiguration;
			buildSettings = {
				ALWAYS_SEARCH_USER_PATHS = NO;
				CLANG_ANALYZER_NONNULL = YES;
				CLANG_ANALYZER_NUMBER_OBJECT_CONVERSION = YES_AGGRESSIVE;
				CLANG_CXX_LANGUAGE_STANDARD = "gnu++14";
				CLANG_CXX_LIBRARY = "libc++";
				CLANG_ENABLE_MODULES = YES;
				CLANG_ENABLE_OBJC_ARC = YES;
				CLANG_ENABLE_OBJC_WEAK = YES;
				CLANG_WARN_BLOCK_CAPTURE_AUTORELEASING = YES;
				CLANG_WARN_BOOL_CONVERSION = YES;
				CLANG_WARN_COMMA = YES;
				CLANG_WARN_CONSTANT_CONVERSION = YES;
				CLANG_WARN_DEPRECATED_OBJC_IMPLEMENTATIONS = YES;
				CLANG_WARN_DIRECT_OBJC_ISA_USAGE = YES_ERROR;
				CLANG_WARN_DOCUMENTATION_COMMENTS = YES;
				CLANG_WARN_EMPTY_BODY = YES;
				CLANG_WARN_ENUM_CONVERSION = YES;
				CLANG_WARN_INFINITE_RECURSION = YES;
				CLANG_WARN_INT_CONVERSION = YES;
				CLANG_WARN_NON_LITERAL_NULL_CONVERSION = YES;
				CLANG_WARN_OBJC_IMPLICIT_RETAIN_SELF = YES;
				CLANG_WARN_OBJC_LITERAL_CONVERSION = YES;
				CLANG_WARN_OBJC_ROOT_CLASS = YES_ERROR;
				CLANG_WARN_QUOTED_INCLUDE_IN_FRAMEWORK_HEADER = YES;
				CLANG_WARN_RANGE_LOOP_ANALYSIS = YES;
				CLANG_WARN_STRICT_PROTOTYPES = YES;
				CLANG_WARN_SUSPICIOUS_MOVE = YES;
				CLANG_WARN_UNGUARDED_AVAILABILITY = YES_AGGRESSIVE;
				CLANG_WARN_UNREACHABLE_CODE = YES;
				CLANG_WARN__DUPLICATE_METHOD_MATCH = YES;
				CODE_SIGN_STYLE = Automatic;
				COPY_PHASE_STRIP = NO;
				DEBUG_INFORMATION_FORMAT = dwarf;
				DEVELOPMENT_TEAM = "";
				ENABLE_STRICT_OBJC_MSGSEND = YES;
				ENABLE_TESTABILITY = YES;
				GCC_C_LANGUAGE_STANDARD = gnu11;
				GCC_DYNAMIC_NO_PIC = NO;
				GCC_NO_COMMON_BLOCKS = YES;
				GCC_OPTIMIZATION_LEVEL = 0;
				GCC_PREPROCESSOR_DEFINITIONS = (
					"$(inherited)",
					"DEBUG=1",
				);
				GCC_WARN_64_TO_32_BIT_CONVERSION = YES;
				GCC_WARN_ABOUT_RETURN_TYPE = YES_ERROR;
				GCC_WARN_UNDECLARED_SELECTOR = YES;
				GCC_WARN_UNINITIALIZED_AUTOS = YES_AGGRESSIVE;
				GCC_WARN_UNUSED_FUNCTION = YES;
				GCC_WARN_UNUSED_VARIABLE = YES;
				IPHONEOS_DEPLOYMENT_TARGET = 16.0;
				MTL_ENABLE_DEBUG_INFO = INCLUDE_SOURCE;
				MTL_FAST_MATH = YES;
				ONLY_ACTIVE_ARCH = YES;
				PRODUCT_NAME = "$(TARGET_NAME)";
				SDKROOT = iphoneos;
				SWIFT_ACTIVE_COMPILATION_CONDITIONS = DEBUG;
				SWIFT_OPTIMIZATION_LEVEL = "-Onone";
				SWIFT_VERSION = 5.9;
			};
			name = Debug;
		};
		DFCD51C17CAF58D95985B74D /* Release */ = {
			isa = XCBuildConfiguration;
			buildSettings = {
				ASSETCATALOG_COMPILER_APPICON_NAME = AppIcon;
				CODE_SIGN_IDENTITY = "iPhone Developer";
				INFOPLIST_FILE = Info.plist;
				LD_RUNPATH_SEARCH_PATHS = (
					"$(inherited)",
					"@executable_path/Frameworks",
				);
				PRODUCT_BUNDLE_IDENTIFIER = dev.ividi.petanca;
				SDKROOT = iphoneos;
				TARGETED_DEVICE_FAMILY = "1,2";
			};
			name = Release;
		};
/* End XCBuildConfiguration section */

/* Begin XCConfigurationList section */
		4FBBF859B80CFAC11F5700C0 /* Build configuration list for PBXNativeTarget "PetancaGame" */ = {
			isa = XCConfigurationList;
			buildConfigurations = (
				9EC295096135002B9ED9CB1E /* Debug */,
				DFCD51C17CAF58D95985B74D /* Release */,
			);
			defaultConfigurationIsVisible = 0;
			defaultConfigurationName = Debug;
		};
		6436247D37F549C3DFD7DFE3 /* Build configuration list for PBXNativeTarget "PetancaGameTests" */ = {
			isa = XCConfigurationList;
			buildConfigurations = (
				8DDABD1E9ABB9C321D845447 /* Debug */,
				4B16C5A489E47E661BA91AD8 /* Release */,
			);
			defaultConfigurationIsVisible = 0;
			defaultConfigurationName = Debug;
		};
		71B889575D9CA85418BDAF29 /* Build configuration list for PBXProject "PetancaGame" */ = {
			isa = XCConfigurationList;
			buildConfigurations = (
				CE8C38C420BA9BC86260D8E8 /* Debug */,
				739F94B51FE7BC71473F93E3 /* Release */,
			);
			defaultConfigurationIsVisible = 0;
			defaultConfigurationName = Debug;
		};
/* End XCConfigurationList section */
	};
	rootObject = 378D3AA3C73347C83725F4C5 /* Project object */;
}
